
Microsoft Visual Studio Solution File, Format Version 11.00
# Visual C# Express 2010
Project("{FAE04EC0-301F-11D3-BF4B-00C04F79EFBC}") = "01GalacticGPS", "04Homework\01GalacticGPS.csproj", "{FC571174-64A0-4FC3-A641-B39FEB538C45}"
EndProject
Project("{FAE04EC0-301F-11D3-BF4B-00C04F79EFBC}") = "02FractionCalculator", "02FractionCalculator\02FractionCalculator.csproj", "{EF1FB304-C990-499B-B2F3-B16EE797E3FF}"
EndProject
Project("{FAE04EC0-301F-11D3-BF4B-00C04F79EFBC}") = "03Generic List", "03Generic List\03Generic List.csproj", "{43ADCFE5-CC27-4305-8663-A483CB6A7A34}"
EndProject
Global
	GlobalSection(SolutionConfigurationPlatforms) = preSolution
		Debug|x86 = Debug|x86
		Release|x86 = Release|x86
	EndGlobalSection
	GlobalSection(ProjectConfigurationPlatforms) = postSolution
		{FC571174-64A0-4FC3-A641-B39FEB538C45}.Debug|x86.ActiveCfg = Debug|x86
		{FC571174-64A0-4FC3-A641-B39FEB538C45}.Debug|x86.Build.0 = Debug|x86
		{FC571174-64A0-4FC3-A641-B39FEB538C45}.Release|x86.ActiveCfg = Release|x86
		{FC571174-64A0-4FC3-A641-B39FEB538C45}.Release|x86.Build.0 = Release|x86
		{EF1FB304-C990-499B-B2F3-B16EE797E3FF}.Debug|x86.ActiveCfg = Debug|x86
		{EF1FB304-C990-499B-B2F3-B16EE797E3FF}.Debug|x86.Build.0 = Debug|x86
		{EF1FB304-C990-499B-B2F3-B16EE797E3FF}.Release|x86.ActiveCfg = Release|x86
		{EF1FB304-C990-499B-B2F3-B16EE797E3FF}.Release|x86.Build.0 = Release|x86
		{43ADCFE5-CC27-4305-8663-A483CB6A7A34}.Debug|x86.ActiveCfg = Debug|x86
		{43ADCFE5-CC27-4305-8663-A483CB6A7A34}.Debug|x86.Build.0 = Debug|x86
		{43ADCFE5-CC27-4305-8663-A483CB6A7A34}.Release|x86.ActiveCfg = Release|x86
		{43ADCFE5-CC27-4305-8663-A483CB6A7A34}.Release|x86.Build.0 = Release|x86
	EndGlobalSection
	GlobalSection(SolutionProperties) = preSolution
		HideSolutionNode = FALSE
	EndGlobalSection
EndGlobal
