
Microsoft Visual Studio Solution File, Format Version 11.00
# Visual C# Express 2010
Project("{FAE04EC0-301F-11D3-BF4B-00C04F79EFBC}") = "01Persons", "01Homework\01Persons.csproj", "{E200F393-37BE-4A07-9799-FF8A3DD89BEA}"
EndProject
Project("{FAE04EC0-301F-11D3-BF4B-00C04F79EFBC}") = "02LaptopShop", "02LaptopShop\02LaptopShop.csproj", "{05C4D24E-F70E-4D7B-BCAF-4039B5F99D28}"
EndProject
Project("{FAE04EC0-301F-11D3-BF4B-00C04F79EFBC}") = "03PC_Catalog", "03PC_Catalog\03PC_Catalog.csproj", "{985D8B14-9D04-4561-8CD2-D70BB25B2941}"
EndProject
Project("{FAE04EC0-301F-11D3-BF4B-00C04F79EFBC}") = "04SULS", "04SULS\04SULS.csproj", "{3772C382-F60A-4452-A0E3-E6F594418134}"
EndProject
Global
	GlobalSection(SolutionConfigurationPlatforms) = preSolution
		Debug|x86 = Debug|x86
		Release|x86 = Release|x86
	EndGlobalSection
	GlobalSection(ProjectConfigurationPlatforms) = postSolution
		{E200F393-37BE-4A07-9799-FF8A3DD89BEA}.Debug|x86.ActiveCfg = Debug|x86
		{E200F393-37BE-4A07-9799-FF8A3DD89BEA}.Debug|x86.Build.0 = Debug|x86
		{E200F393-37BE-4A07-9799-FF8A3DD89BEA}.Release|x86.ActiveCfg = Release|x86
		{E200F393-37BE-4A07-9799-FF8A3DD89BEA}.Release|x86.Build.0 = Release|x86
		{05C4D24E-F70E-4D7B-BCAF-4039B5F99D28}.Debug|x86.ActiveCfg = Debug|x86
		{05C4D24E-F70E-4D7B-BCAF-4039B5F99D28}.Debug|x86.Build.0 = Debug|x86
		{05C4D24E-F70E-4D7B-BCAF-4039B5F99D28}.Release|x86.ActiveCfg = Release|x86
		{05C4D24E-F70E-4D7B-BCAF-4039B5F99D28}.Release|x86.Build.0 = Release|x86
		{985D8B14-9D04-4561-8CD2-D70BB25B2941}.Debug|x86.ActiveCfg = Debug|x86
		{985D8B14-9D04-4561-8CD2-D70BB25B2941}.Debug|x86.Build.0 = Debug|x86
		{985D8B14-9D04-4561-8CD2-D70BB25B2941}.Release|x86.ActiveCfg = Release|x86
		{985D8B14-9D04-4561-8CD2-D70BB25B2941}.Release|x86.Build.0 = Release|x86
		{3772C382-F60A-4452-A0E3-E6F594418134}.Debug|x86.ActiveCfg = Debug|x86
		{3772C382-F60A-4452-A0E3-E6F594418134}.Debug|x86.Build.0 = Debug|x86
		{3772C382-F60A-4452-A0E3-E6F594418134}.Release|x86.ActiveCfg = Release|x86
		{3772C382-F60A-4452-A0E3-E6F594418134}.Release|x86.Build.0 = Release|x86
	EndGlobalSection
	GlobalSection(SolutionProperties) = preSolution
		HideSolutionNode = FALSE
	EndGlobalSection
EndGlobal
