
Microsoft Visual Studio Solution File, Format Version 11.00
# Visual C# Express 2010
Project("{FAE04EC0-301F-11D3-BF4B-00C04F79EFBC}") = "01School", "07Homework\01School.csproj", "{07E4C4DE-3452-42DA-B7BE-3D7213CED6CD}"
EndProject
Project("{FAE04EC0-301F-11D3-BF4B-00C04F79EFBC}") = "02HumanStudentWorker", "02HumanStudentWorker\02HumanStudentWorker.csproj", "{153C2816-59B1-49F6-9E8E-FF5BEF563306}"
EndProject
Global
	GlobalSection(SolutionConfigurationPlatforms) = preSolution
		Debug|x86 = Debug|x86
		Release|x86 = Release|x86
	EndGlobalSection
	GlobalSection(ProjectConfigurationPlatforms) = postSolution
		{07E4C4DE-3452-42DA-B7BE-3D7213CED6CD}.Debug|x86.ActiveCfg = Debug|x86
		{07E4C4DE-3452-42DA-B7BE-3D7213CED6CD}.Debug|x86.Build.0 = Debug|x86
		{07E4C4DE-3452-42DA-B7BE-3D7213CED6CD}.Release|x86.ActiveCfg = Release|x86
		{07E4C4DE-3452-42DA-B7BE-3D7213CED6CD}.Release|x86.Build.0 = Release|x86
		{153C2816-59B1-49F6-9E8E-FF5BEF563306}.Debug|x86.ActiveCfg = Debug|x86
		{153C2816-59B1-49F6-9E8E-FF5BEF563306}.Debug|x86.Build.0 = Debug|x86
		{153C2816-59B1-49F6-9E8E-FF5BEF563306}.Release|x86.ActiveCfg = Release|x86
		{153C2816-59B1-49F6-9E8E-FF5BEF563306}.Release|x86.Build.0 = Release|x86
	EndGlobalSection
	GlobalSection(SolutionProperties) = preSolution
		HideSolutionNode = FALSE
	EndGlobalSection
EndGlobal
