
Microsoft Visual Studio Solution File, Format Version 11.00
# Visual C# Express 2010
Project("{FAE04EC0-301F-11D3-BF4B-00C04F79EFBC}") = "01Customer", "09Homework\01Customer.csproj", "{2328FF98-16DC-4281-94C3-19CF8006FAF1}"
EndProject
Project("{FAE04EC0-301F-11D3-BF4B-00C04F79EFBC}") = "StringDisperser", "StringDisperser\StringDisperser.csproj", "{195A6D17-C2D0-47BB-A610-6A7D3F2B78EF}"
EndProject
Global
	GlobalSection(SolutionConfigurationPlatforms) = preSolution
		Debug|x86 = Debug|x86
		Release|x86 = Release|x86
	EndGlobalSection
	GlobalSection(ProjectConfigurationPlatforms) = postSolution
		{2328FF98-16DC-4281-94C3-19CF8006FAF1}.Debug|x86.ActiveCfg = Debug|x86
		{2328FF98-16DC-4281-94C3-19CF8006FAF1}.Debug|x86.Build.0 = Debug|x86
		{2328FF98-16DC-4281-94C3-19CF8006FAF1}.Release|x86.ActiveCfg = Release|x86
		{2328FF98-16DC-4281-94C3-19CF8006FAF1}.Release|x86.Build.0 = Release|x86
		{195A6D17-C2D0-47BB-A610-6A7D3F2B78EF}.Debug|x86.ActiveCfg = Debug|x86
		{195A6D17-C2D0-47BB-A610-6A7D3F2B78EF}.Debug|x86.Build.0 = Debug|x86
		{195A6D17-C2D0-47BB-A610-6A7D3F2B78EF}.Release|x86.ActiveCfg = Release|x86
		{195A6D17-C2D0-47BB-A610-6A7D3F2B78EF}.Release|x86.Build.0 = Release|x86
	EndGlobalSection
	GlobalSection(SolutionProperties) = preSolution
		HideSolutionNode = FALSE
	EndGlobalSection
EndGlobal
